// !$*UTF8*$!
{
	archiveVersion = 1;
	classes = {
	};
	objectVersion = 50;
	objects = {

/* Begin PBXBuildFile section */
		FFE1A69323E90EFD00475D2A /* AppDelegate.swift in Sources */ = {isa = PBXBuildFile; fileRef = FFE1A69223E90EFD00475D2A /* AppDelegate.swift */; };
		FFE1A69523E90EFD00475D2A /* SceneDelegate.swift in Sources */ = {isa = PBXBuildFile; fileRef = FFE1A69423E90EFD00475D2A /* SceneDelegate.swift */; };
		FFE1A69723E90EFD00475D2A /* ContentView.swift in Sources */ = {isa = PBXBuildFile; fileRef = FFE1A69623E90EFD00475D2A /* ContentView.swift */; };
		FFE1A69923E90F0100475D2A /* Assets.xcassets in Resources */ = {isa = PBXBuildFile; fileRef = FFE1A69823E90F0100475D2A /* Assets.xcassets */; };
		FFE1A69C23E90F0100475D2A /* Preview Assets.xcassets in Resources */ = {isa = PBXBuildFile; fileRef = FFE1A69B23E90F0100475D2A /* Preview Assets.xcassets */; };
		FFE1A69F23E90F0100475D2A /* LaunchScreen.storyboard in Resources */ = {isa = PBXBuildFile; fileRef = FFE1A69D23E90F0100475D2A /* LaunchScreen.storyboard */; };
		FFE1A6AA23E90F0200475D2A /* Programming_Hw1Tests.swift in Sources */ = {isa = PBXBuildFile; fileRef = FFE1A6A923E90F0200475D2A /* Programming_Hw1Tests.swift */; };
		FFE1A6B523E90F0200475D2A /* Programming_Hw1UITests.swift in Sources */ = {isa = PBXBuildFile; fileRef = FFE1A6B423E90F0200475D2A /* Programming_Hw1UITests.swift */; };
/* End PBXBuildFile section */

/* Begin PBXContainerItemProxy section */
		FFE1A6A623E90F0200475D2A /* PBXContainerItemProxy */ = {
			isa = PBXContainerItemProxy;
			containerPortal = FFE1A68723E90EFD00475D2A /* Project object */;
			proxyType = 1;
			remoteGlobalIDString = FFE1A68E23E90EFD00475D2A;
			remoteInfo = "Programming Hw1";
		};
		FFE1A6B123E90F0200475D2A /* PBXContainerItemProxy */ = {
			isa = PBXContainerItemProxy;
			containerPortal = FFE1A68723E90EFD00475D2A /* Project object */;
			proxyType = 1;
			remoteGlobalIDString = FFE1A68E23E90EFD00475D2A;
			remoteInfo = "Programming Hw1";
		};
/* End PBXContainerItemProxy section */

/* Begin PBXFileReference section */
		FFE1A68F23E90EFD00475D2A /* Programming Hw1.app */ = {isa = PBXFileReference; explicitFileType = wrapper.application; includeInIndex = 0; path = "Programming Hw1.app"; sourceTree = BUILT_PRODUCTS_DIR; };
		FFE1A69223E90EFD00475D2A /* AppDelegate.swift */ = {isa = PBXFileReference; lastKnownFileType = sourcecode.swift; path = AppDelegate.swift; sourceTree = "<group>"; };
		FFE1A69423E90EFD00475D2A /* SceneDelegate.swift */ = {isa = PBXFileReference; lastKnownFileType = sourcecode.swift; path = SceneDelegate.swift; sourceTree = "<group>"; };
		FFE1A69623E90EFD00475D2A /* ContentView.swift */ = {isa = PBXFileReference; lastKnownFileType = sourcecode.swift; path = ContentView.swift; sourceTree = "<group>"; };
		FFE1A69823E90F0100475D2A /* Assets.xcassets */ = {isa = PBXFileReference; lastKnownFileType = folder.assetcatalog; path = Assets.xcassets; sourceTree = "<group>"; };
		FFE1A69B23E90F0100475D2A /* Preview Assets.xcassets */ = {isa = PBXFileReference; lastKnownFileType = folder.assetcatalog; path = "Preview Assets.xcassets"; sourceTree = "<group>"; };
		FFE1A69E23E90F0100475D2A /* Base */ = {isa = PBXFileReference; lastKnownFileType = file.storyboard; name = Base; path = Base.lproj/LaunchScreen.storyboard; sourceTree = "<group>"; };
		FFE1A6A023E90F0200475D2A /* Info.plist */ = {isa = PBXFileReference; lastKnownFileType = text.plist.xml; path = Info.plist; sourceTree = "<group>"; };
		FFE1A6A523E90F0200475D2A /* Programming Hw1Tests.xctest */ = {isa = PBXFileReference; explicitFileType = wrapper.cfbundle; includeInIndex = 0; path = "Programming Hw1Tests.xctest"; sourceTree = BUILT_PRODUCTS_DIR; };
		FFE1A6A923E90F0200475D2A /* Programming_Hw1Tests.swift */ = {isa = PBXFileReference; lastKnownFileType = sourcecode.swift; path = Programming_Hw1Tests.swift; sourceTree = "<group>"; };
		FFE1A6AB23E90F0200475D2A /* Info.plist */ = {isa = PBXFileReference; lastKnownFileType = text.plist.xml; path = Info.plist; sourceTree = "<group>"; };
		FFE1A6B023E90F0200475D2A /* Programming Hw1UITests.xctest */ = {isa = PBXFileReference; explicitFileType = wrapper.cfbundle; includeInIndex = 0; path = "Programming Hw1UITests.xctest"; sourceTree = BUILT_PRODUCTS_DIR; };
		FFE1A6B423E90F0200475D2A /* Programming_Hw1UITests.swift */ = {isa = PBXFileReference; lastKnownFileType = sourcecode.swift; path = Programming_Hw1UITests.swift; sourceTree = "<group>"; };
		FFE1A6B623E90F0200475D2A /* Info.plist */ = {isa = PBXFileReference; lastKnownFileType = text.plist.xml; path = Info.plist; sourceTree = "<group>"; };
/* End PBXFileReference section */

/* Begin PBXFrameworksBuildPhase section */
		FFE1A68C23E90EFD00475D2A /* Frameworks */ = {
			isa = PBXFrameworksBuildPhase;
			buildActionMask = 2147483647;
			files = (
			);
			runOnlyForDeploymentPostprocessing = 0;
		};
		FFE1A6A223E90F0200475D2A /* Frameworks */ = {
			isa = PBXFrameworksBuildPhase;
			buildActionMask = 2147483647;
			files = (
			);
			runOnlyForDeploymentPostprocessing = 0;
		};
		FFE1A6AD23E90F0200475D2A /* Frameworks */ = {
			isa = PBXFrameworksBuildPhase;
			buildActionMask = 2147483647;
			files = (
			);
			runOnlyForDeploymentPostprocessing = 0;
		};
/* End PBXFrameworksBuildPhase section */

/* Begin PBXGroup section */
		FFE1A68623E90EFD00475D2A = {
			isa = PBXGroup;
			children = (
				FFE1A69123E90EFD00475D2A /* Programming Hw1 */,
				FFE1A6A823E90F0200475D2A /* Programming Hw1Tests */,
				FFE1A6B323E90F0200475D2A /* Programming Hw1UITests */,
				FFE1A69023E90EFD00475D2A /* Products */,
			);
			sourceTree = "<group>";
		};
		FFE1A69023E90EFD00475D2A /* Products */ = {
			isa = PBXGroup;
			children = (
				FFE1A68F23E90EFD00475D2A /* Programming Hw1.app */,
				FFE1A6A523E90F0200475D2A /* Programming Hw1Tests.xctest */,
				FFE1A6B023E90F0200475D2A /* Programming Hw1UITests.xctest */,
			);
			name = Products;
			sourceTree = "<group>";
		};
		FFE1A69123E90EFD00475D2A /* Programming Hw1 */ = {
			isa = PBXGroup;
			children = (
				FFE1A69223E90EFD00475D2A /* AppDelegate.swift */,
				FFE1A69423E90EFD00475D2A /* SceneDelegate.swift */,
				FFE1A69623E90EFD00475D2A /* ContentView.swift */,
				FFE1A69823E90F0100475D2A /* Assets.xcassets */,
				FFE1A69D23E90F0100475D2A /* LaunchScreen.storyboard */,
				FFE1A6A023E90F0200475D2A /* Info.plist */,
				FFE1A69A23E90F0100475D2A /* Preview Content */,
			);
			path = "Programming Hw1";
			sourceTree = "<group>";
		};
		FFE1A69A23E90F0100475D2A /* Preview Content */ = {
			isa = PBXGroup;
			children = (
				FFE1A69B23E90F0100475D2A /* Preview Assets.xcassets */,
			);
			path = "Preview Content";
			sourceTree = "<group>";
		};
		FFE1A6A823E90F0200475D2A /* Programming Hw1Tests */ = {
			isa = PBXGroup;
			children = (
				FFE1A6A923E90F0200475D2A /* Programming_Hw1Tests.swift */,
				FFE1A6AB23E90F0200475D2A /* Info.plist */,
			);
			path = "Programming Hw1Tests";
			sourceTree = "<group>";
		};
		FFE1A6B323E90F0200475D2A /* Programming Hw1UITests */ = {
			isa = PBXGroup;
			children = (
				FFE1A6B423E90F0200475D2A /* Programming_Hw1UITests.swift */,
				FFE1A6B623E90F0200475D2A /* Info.plist */,
			);
			path = "Programming Hw1UITests";
			sourceTree = "<group>";
		};
/* End PBXGroup section */

/* Begin PBXNativeTarget section */
		FFE1A68E23E90EFD00475D2A /* Programming Hw1 */ = {
			isa = PBXNativeTarget;
			buildConfigurationList = FFE1A6B923E90F0200475D2A /* Build configuration list for PBXNativeTarget "Programming Hw1" */;
			buildPhases = (
				FFE1A68B23E90EFD00475D2A /* Sources */,
				FFE1A68C23E90EFD00475D2A /* Frameworks */,
				FFE1A68D23E90EFD00475D2A /* Resources */,
			);
			buildRules = (
			);
			dependencies = (
			);
			name = "Programming Hw1";
			productName = "Programming Hw1";
			productReference = FFE1A68F23E90EFD00475D2A /* Programming Hw1.app */;
			productType = "com.apple.product-type.application";
		};
		FFE1A6A423E90F0200475D2A /* Programming Hw1Tests */ = {
			isa = PBXNativeTarget;
			buildConfigurationList = FFE1A6BC23E90F0200475D2A /* Build configuration list for PBXNativeTarget "Programming Hw1Tests" */;
			buildPhases = (
				FFE1A6A123E90F0200475D2A /* Sources */,
				FFE1A6A223E90F0200475D2A /* Frameworks */,
				FFE1A6A323E90F0200475D2A /* Resources */,
			);
			buildRules = (
			);
			dependencies = (
				FFE1A6A723E90F0200475D2A /* PBXTargetDependency */,
			);
			name = "Programming Hw1Tests";
			productName = "Programming Hw1Tests";
			productReference = FFE1A6A523E90F0200475D2A /* Programming Hw1Tests.xctest */;
			productType = "com.apple.product-type.bundle.unit-test";
		};
		FFE1A6AF23E90F0200475D2A /* Programming Hw1UITests */ = {
			isa = PBXNativeTarget;
			buildConfigurationList = FFE1A6BF23E90F0200475D2A /* Build configuration list for PBXNativeTarget "Programming Hw1UITests" */;
			buildPhases = (
				FFE1A6AC23E90F0200475D2A /* Sources */,
				FFE1A6AD23E90F0200475D2A /* Frameworks */,
				FFE1A6AE23E90F0200475D2A /* Resources */,
			);
			buildRules = (
			);
			dependencies = (
				FFE1A6B223E90F0200475D2A /* PBXTargetDependency */,
			);
			name = "Programming Hw1UITests";
			productName = "Programming Hw1UITests";
			productReference = FFE1A6B023E90F0200475D2A /* Programming Hw1UITests.xctest */;
			productType = "com.apple.product-type.bundle.ui-testing";
		};
/* End PBXNativeTarget section */

/* Begin PBXProject section */
		FFE1A68723E90EFD00475D2A /* Project object */ = {
			isa = PBXProject;
			attributes = {
				LastSwiftUpdateCheck = 1130;
				LastUpgradeCheck = 1130;
				ORGANIZATIONNAME = "Jakob Sabatula";
				TargetAttributes = {
					FFE1A68E23E90EFD00475D2A = {
						CreatedOnToolsVersion = 11.3.1;
					};
					FFE1A6A423E90F0200475D2A = {
						CreatedOnToolsVersion = 11.3.1;
						TestTargetID = FFE1A68E23E90EFD00475D2A;
					};
					FFE1A6AF23E90F0200475D2A = {
						CreatedOnToolsVersion = 11.3.1;
						TestTargetID = FFE1A68E23E90EFD00475D2A;
					};
				};
			};
			buildConfigurationList = FFE1A68A23E90EFD00475D2A /* Build configuration list for PBXProject "Programming Hw1" */;
			compatibilityVersion = "Xcode 9.3";
			developmentRegion = en;
			hasScannedForEncodings = 0;
			knownRegions = (
				en,
				Base,
			);
			mainGroup = FFE1A68623E90EFD00475D2A;
			productRefGroup = FFE1A69023E90EFD00475D2A /* Products */;
			projectDirPath = "";
			projectRoot = "";
			targets = (
				FFE1A68E23E90EFD00475D2A /* Programming Hw1 */,
				FFE1A6A423E90F0200475D2A /* Programming Hw1Tests */,
				FFE1A6AF23E90F0200475D2A /* Programming Hw1UITests */,
			);
		};
/* End PBXProject section */

/* Begin PBXResourcesBuildPhase section */
		FFE1A68D23E90EFD00475D2A /* Resources */ = {
			isa = PBXResourcesBuildPhase;
			buildActionMask = 2147483647;
			files = (
				FFE1A69F23E90F0100475D2A /* LaunchScreen.storyboard in Resources */,
				FFE1A69C23E90F0100475D2A /* Preview Assets.xcassets in Resources */,
				FFE1A69923E90F0100475D2A /* Assets.xcassets in Resources */,
			);
			runOnlyForDeploymentPostprocessing = 0;
		};
		FFE1A6A323E90F0200475D2A /* Resources */ = {
			isa = PBXResourcesBuildPhase;
			buildActionMask = 2147483647;
			files = (
			);
			runOnlyForDeploymentPostprocessing = 0;
		};
		FFE1A6AE23E90F0200475D2A /* Resources */ = {
			isa = PBXResourcesBuildPhase;
			buildActionMask = 2147483647;
			files = (
			);
			runOnlyForDeploymentPostprocessing = 0;
		};
/* End PBXResourcesBuildPhase section */

/* Begin PBXSourcesBuildPhase section */
		FFE1A68B23E90EFD00475D2A /* Sources */ = {
			isa = PBXSourcesBuildPhase;
			buildActionMask = 2147483647;
			files = (
				FFE1A69323E90EFD00475D2A /* AppDelegate.swift in Sources */,
				FFE1A69523E90EFD00475D2A /* SceneDelegate.swift in Sources */,
				FFE1A69723E90EFD00475D2A /* ContentView.swift in Sources */,
			);
			runOnlyForDeploymentPostprocessing = 0;
		};
		FFE1A6A123E90F0200475D2A /* Sources */ = {
			isa = PBXSourcesBuildPhase;
			buildActionMask = 2147483647;
			files = (
				FFE1A6AA23E90F0200475D2A /* Programming_Hw1Tests.swift in Sources */,
			);
			runOnlyForDeploymentPostprocessing = 0;
		};
		FFE1A6AC23E90F0200475D2A /* Sources */ = {
			isa = PBXSourcesBuildPhase;
			buildActionMask = 2147483647;
			files = (
				FFE1A6B523E90F0200475D2A /* Programming_Hw1UITests.swift in Sources */,
			);
			runOnlyForDeploymentPostprocessing = 0;
		};
/* End PBXSourcesBuildPhase section */

/* Begin PBXTargetDependency section */
		FFE1A6A723E90F0200475D2A /* PBXTargetDependency */ = {
			isa = PBXTargetDependency;
			target = FFE1A68E23E90EFD00475D2A /* Programming Hw1 */;
			targetProxy = FFE1A6A623E90F0200475D2A /* PBXContainerItemProxy */;
		};
		FFE1A6B223E90F0200475D2A /* PBXTargetDependency */ = {
			isa = PBXTargetDependency;
			target = FFE1A68E23E90EFD00475D2A /* Programming Hw1 */;
			targetProxy = FFE1A6B123E90F0200475D2A /* PBXContainerItemProxy */;
		};
/* End PBXTargetDependency section */

/* Begin PBXVariantGroup section */
		FFE1A69D23E90F0100475D2A /* LaunchScreen.storyboard */ = {
			isa = PBXVariantGroup;
			children = (
				FFE1A69E23E90F0100475D2A /* Base */,
			);
			name = LaunchScreen.storyboard;
			sourceTree = "<group>";
		};
/* End PBXVariantGroup section */

/* Begin XCBuildConfiguration section */
		FFE1A6B723E90F0200475D2A /* Debug */ = {
			isa = XCBuildConfiguration;
			buildSettings = {
				ALWAYS_SEARCH_USER_PATHS = NO;
				CLANG_ANALYZER_NONNULL = YES;
				CLANG_ANALYZER_NUMBER_OBJECT_CONVERSION = YES_AGGRESSIVE;
				CLANG_CXX_LANGUAGE_STANDARD = "gnu++14";
				CLANG_CXX_LIBRARY = "libc++";
				CLANG_ENABLE_MODULES = YES;
				CLANG_ENABLE_OBJC_ARC = YES;
				CLANG_ENABLE_OBJC_WEAK = YES;
				CLANG_WARN_BLOCK_CAPTURE_AUTORELEASING = YES;
				CLANG_WARN_BOOL_CONVERSION = YES;
				CLANG_WARN_COMMA = YES;
				CLANG_WARN_CONSTANT_CONVERSION = YES;
				CLANG_WARN_DEPRECATED_OBJC_IMPLEMENTATIONS = YES;
				CLANG_WARN_DIRECT_OBJC_ISA_USAGE = YES_ERROR;
				CLANG_WARN_DOCUMENTATION_COMMENTS = YES;
				CLANG_WARN_EMPTY_BODY = YES;
				CLANG_WARN_ENUM_CONVERSION = YES;
				CLANG_WARN_INFINITE_RECURSION = YES;
				CLANG_WARN_INT_CONVERSION = YES;
				CLANG_WARN_NON_LITERAL_NULL_CONVERSION = YES;
				CLANG_WARN_OBJC_IMPLICIT_RETAIN_SELF = YES;
				CLANG_WARN_OBJC_LITERAL_CONVERSION = YES;
				CLANG_WARN_OBJC_ROOT_CLASS = YES_ERROR;
				CLANG_WARN_RANGE_LOOP_ANALYSIS = YES;
				CLANG_WARN_STRICT_PROTOTYPES = YES;
				CLANG_WARN_SUSPICIOUS_MOVE = YES;
				CLANG_WARN_UNGUARDED_AVAILABILITY = YES_AGGRESSIVE;
				CLANG_WARN_UNREACHABLE_CODE = YES;
				CLANG_WARN__DUPLICATE_METHOD_MATCH = YES;
				COPY_PHASE_STRIP = NO;
				DEBUG_INFORMATION_FORMAT = dwarf;
				ENABLE_STRICT_OBJC_MSGSEND = YES;
				ENABLE_TESTABILITY = YES;
				GCC_C_LANGUAGE_STANDARD = gnu11;
				GCC_DYNAMIC_NO_PIC = NO;
				GCC_NO_COMMON_BLOCKS = YES;
				GCC_OPTIMIZATION_LEVEL = 0;
				GCC_PREPROCESSOR_DEFINITIONS = (
					"DEBUG=1",
					"$(inherited)",
				);
				GCC_WARN_64_TO_32_BIT_CONVERSION = YES;
				GCC_WARN_ABOUT_RETURN_TYPE = YES_ERROR;
				GCC_WARN_UNDECLARED_SELECTOR = YES;
				GCC_WARN_UNINITIALIZED_AUTOS = YES_AGGRESSIVE;
				GCC_WARN_UNUSED_FUNCTION = YES;
				GCC_WARN_UNUSED_VARIABLE = YES;
				IPHONEOS_DEPLOYMENT_TARGET = 13.2;
				MTL_ENABLE_DEBUG_INFO = INCLUDE_SOURCE;
				MTL_FAST_MATH = YES;
				ONLY_ACTIVE_ARCH = YES;
				SDKROOT = iphoneos;
				SWIFT_ACTIVE_COMPILATION_CONDITIONS = DEBUG;
				SWIFT_OPTIMIZATION_LEVEL = "-Onone";
			};
			name = Debug;
		};
		FFE1A6B823E90F0200475D2A /* Release */ = {
			isa = XCBuildConfiguration;
			buildSettings = {
				ALWAYS_SEARCH_USER_PATHS = NO;
				CLANG_ANALYZER_NONNULL = YES;
				CLANG_ANALYZER_NUMBER_OBJECT_CONVERSION = YES_AGGRESSIVE;
				CLANG_CXX_LANGUAGE_STANDARD = "gnu++14";
				CLANG_CXX_LIBRARY = "libc++";
				CLANG_ENABLE_MODULES = YES;
				CLANG_ENABLE_OBJC_ARC = YES;
				CLANG_ENABLE_OBJC_WEAK = YES;
				CLANG_WARN_BLOCK_CAPTURE_AUTORELEASING = YES;
				CLANG_WARN_BOOL_CONVERSION = YES;
				CLANG_WARN_COMMA = YES;
				CLANG_WARN_CONSTANT_CONVERSION = YES;
				CLANG_WARN_DEPRECATED_OBJC_IMPLEMENTATIONS = YES;
				CLANG_WARN_DIRECT_OBJC_ISA_USAGE = YES_ERROR;
				CLANG_WARN_DOCUMENTATION_COMMENTS = YES;
				CLANG_WARN_EMPTY_BODY = YES;
				CLANG_WARN_ENUM_CONVERSION = YES;
				CLANG_WARN_INFINITE_RECURSION = YES;
				CLANG_WARN_INT_CONVERSION = YES;
				CLANG_WARN_NON_LITERAL_NULL_CONVERSION = YES;
				CLANG_WARN_OBJC_IMPLICIT_RETAIN_SELF = YES;
				CLANG_WARN_OBJC_LITERAL_CONVERSION = YES;
				CLANG_WARN_OBJC_ROOT_CLASS = YES_ERROR;
				CLANG_WARN_RANGE_LOOP_ANALYSIS = YES;
				CLANG_WARN_STRICT_PROTOTYPES = YES;
				CLANG_WARN_SUSPICIOUS_MOVE = YES;
				CLANG_WARN_UNGUARDED_AVAILABILITY = YES_AGGRESSIVE;
				CLANG_WARN_UNREACHABLE_CODE = YES;
				CLANG_WARN__DUPLICATE_METHOD_MATCH = YES;
				COPY_PHASE_STRIP = NO;
				DEBUG_INFORMATION_FORMAT = "dwarf-with-dsym";
				ENABLE_NS_ASSERTIONS = NO;
				ENABLE_STRICT_OBJC_MSGSEND = YES;
				GCC_C_LANGUAGE_STANDARD = gnu11;
				GCC_NO_COMMON_BLOCKS = YES;
				GCC_WARN_64_TO_32_BIT_CONVERSION = YES;
				GCC_WARN_ABOUT_RETURN_TYPE = YES_ERROR;
				GCC_WARN_UNDECLARED_SELECTOR = YES;
				GCC_WARN_UNINITIALIZED_AUTOS = YES_AGGRESSIVE;
				GCC_WARN_UNUSED_FUNCTION = YES;
				GCC_WARN_UNUSED_VARIABLE = YES;
				IPHONEOS_DEPLOYMENT_TARGET = 13.2;
				MTL_ENABLE_DEBUG_INFO = NO;
				MTL_FAST_MATH = YES;
				SDKROOT = iphoneos;
				SWIFT_COMPILATION_MODE = wholemodule;
				SWIFT_OPTIMIZATION_LEVEL = "-O";
				VALIDATE_PRODUCT = YES;
			};
			name = Release;
		};
		FFE1A6BA23E90F0200475D2A /* Debug */ = {
			isa = XCBuildConfiguration;
			buildSettings = {
				ASSETCATALOG_COMPILER_APPICON_NAME = AppIcon;
				CODE_SIGN_STYLE = Automatic;
				DEVELOPMENT_ASSET_PATHS = "\"Programming Hw1/Preview Content\"";
				ENABLE_PREVIEWS = YES;
				INFOPLIST_FILE = "Programming Hw1/Info.plist";
				LD_RUNPATH_SEARCH_PATHS = (
					"$(inherited)",
					"@executable_path/Frameworks",
				);
				PRODUCT_BUNDLE_IDENTIFIER = "jakesabatula.com.Programming-Hw1";
				PRODUCT_NAME = "$(TARGET_NAME)";
				SWIFT_VERSION = 5.0;
				TARGETED_DEVICE_FAMILY = "1,2";
			};
			name = Debug;
		};
		FFE1A6BB23E90F0200475D2A /* Release */ = {
			isa = XCBuildConfiguration;
			buildSettings = {
				ASSETCATALOG_COMPILER_APPICON_NAME = AppIcon;
				CODE_SIGN_STYLE = Automatic;
				DEVELOPMENT_ASSET_PATHS = "\"Programming Hw1/Preview Content\"";
				ENABLE_PREVIEWS = YES;
				INFOPLIST_FILE = "Programming Hw1/Info.plist";
				LD_RUNPATH_SEARCH_PATHS = (
					"$(inherited)",
					"@executable_path/Frameworks",
				);
				PRODUCT_BUNDLE_IDENTIFIER = "jakesabatula.com.Programming-Hw1";
				PRODUCT_NAME = "$(TARGET_NAME)";
				SWIFT_VERSION = 5.0;
				TARGETED_DEVICE_FAMILY = "1,2";
			};
			name = Release;
		};
		FFE1A6BD23E90F0200475D2A /* Debug */ = {
			isa = XCBuildConfiguration;
			buildSettings = {
				ALWAYS_EMBED_SWIFT_STANDARD_LIBRARIES = YES;
				BUNDLE_LOADER = "$(TEST_HOST)";
				CODE_SIGN_STYLE = Automatic;
				INFOPLIST_FILE = "Programming Hw1Tests/Info.plist";
				IPHONEOS_DEPLOYMENT_TARGET = 13.2;
				LD_RUNPATH_SEARCH_PATHS = (
					"$(inherited)",
					"@executable_path/Frameworks",
					"@loader_path/Frameworks",
				);
				PRODUCT_BUNDLE_IDENTIFIER = "jakesabatula.com.Programming-Hw1Tests";
				PRODUCT_NAME = "$(TARGET_NAME)";
				SWIFT_VERSION = 5.0;
				TARGETED_DEVICE_FAMILY = "1,2";
				TEST_HOST = "$(BUILT_PRODUCTS_DIR)/Programming Hw1.app/Programming Hw1";
			};
			name = Debug;
		};
		FFE1A6BE23E90F0200475D2A /* Release */ = {
			isa = XCBuildConfiguration;
			buildSettings = {
				ALWAYS_EMBED_SWIFT_STANDARD_LIBRARIES = YES;
				BUNDLE_LOADER = "$(TEST_HOST)";
				CODE_SIGN_STYLE = Automatic;
				INFOPLIST_FILE = "Programming Hw1Tests/Info.plist";
				IPHONEOS_DEPLOYMENT_TARGET = 13.2;
				LD_RUNPATH_SEARCH_PATHS = (
					"$(inherited)",
					"@executable_path/Frameworks",
					"@loader_path/Frameworks",
				);
				PRODUCT_BUNDLE_IDENTIFIER = "jakesabatula.com.Programming-Hw1Tests";
				PRODUCT_NAME = "$(TARGET_NAME)";
				SWIFT_VERSION = 5.0;
				TARGETED_DEVICE_FAMILY = "1,2";
				TEST_HOST = "$(BUILT_PRODUCTS_DIR)/Programming Hw1.app/Programming Hw1";
			};
			name = Release;
		};
		FFE1A6C023E90F0200475D2A /* Debug */ = {
			isa = XCBuildConfiguration;
			buildSettings = {
				ALWAYS_EMBED_SWIFT_STANDARD_LIBRARIES = YES;
				CODE_SIGN_STYLE = Automatic;
				INFOPLIST_FILE = "Programming Hw1UITests/Info.plist";
				LD_RUNPATH_SEARCH_PATHS = (
					"$(inherited)",
					"@executable_path/Frameworks",
					"@loader_path/Frameworks",
				);
				PRODUCT_BUNDLE_IDENTIFIER = "jakesabatula.com.Programming-Hw1UITests";
				PRODUCT_NAME = "$(TARGET_NAME)";
				SWIFT_VERSION = 5.0;
				TARGETED_DEVICE_FAMILY = "1,2";
				TEST_TARGET_NAME = "Programming Hw1";
			};
			name = Debug;
		};
		FFE1A6C123E90F0200475D2A /* Release */ = {
			isa = XCBuildConfiguration;
			buildSettings = {
				ALWAYS_EMBED_SWIFT_STANDARD_LIBRARIES = YES;
				CODE_SIGN_STYLE = Automatic;
				INFOPLIST_FILE = "Programming Hw1UITests/Info.plist";
				LD_RUNPATH_SEARCH_PATHS = (
					"$(inherited)",
					"@executable_path/Frameworks",
					"@loader_path/Frameworks",
				);
				PRODUCT_BUNDLE_IDENTIFIER = "jakesabatula.com.Programming-Hw1UITests";
				PRODUCT_NAME = "$(TARGET_NAME)";
				SWIFT_VERSION = 5.0;
				TARGETED_DEVICE_FAMILY = "1,2";
				TEST_TARGET_NAME = "Programming Hw1";
			};
			name = Release;
		};
/* End XCBuildConfiguration section */

/* Begin XCConfigurationList section */
		FFE1A68A23E90EFD00475D2A /* Build configuration list for PBXProject "Programming Hw1" */ = {
			isa = XCConfigurationList;
			buildConfigurations = (
				FFE1A6B723E90F0200475D2A /* Debug */,
				FFE1A6B823E90F0200475D2A /* Release */,
			);
			defaultConfigurationIsVisible = 0;
			defaultConfigurationName = Release;
		};
		FFE1A6B923E90F0200475D2A /* Build configuration list for PBXNativeTarget "Programming Hw1" */ = {
			isa = XCConfigurationList;
			buildConfigurations = (
				FFE1A6BA23E90F0200475D2A /* Debug */,
				FFE1A6BB23E90F0200475D2A /* Release */,
			);
			defaultConfigurationIsVisible = 0;
			defaultConfigurationName = Release;
		};
		FFE1A6BC23E90F0200475D2A /* Build configuration list for PBXNativeTarget "Programming Hw1Tests" */ = {
			isa = XCConfigurationList;
			buildConfigurations = (
				FFE1A6BD23E90F0200475D2A /* Debug */,
				FFE1A6BE23E90F0200475D2A /* Release */,
			);
			defaultConfigurationIsVisible = 0;
			defaultConfigurationName = Release;
		};
		FFE1A6BF23E90F0200475D2A /* Build configuration list for PBXNativeTarget "Programming Hw1UITests" */ = {
			isa = XCConfigurationList;
			buildConfigurations = (
				FFE1A6C023E90F0200475D2A /* Debug */,
				FFE1A6C123E90F0200475D2A /* Release */,
			);
			defaultConfigurationIsVisible = 0;
			defaultConfigurationName = Release;
		};
/* End XCConfigurationList section */
	};
	rootObject = FFE1A68723E90EFD00475D2A /* Project object */;
}
